// !$*UTF8*$!
{
	archiveVersion = 1;
	classes = {
	};
	objectVersion = 56;
	objects = {

/* Begin PBXBuildFile section */
		182D65F429D778B5000FADD9 /* LabelBuilder.swift in Sources */ = {isa = PBXBuildFile; fileRef = 182D65F329D778B5000FADD9 /* LabelBuilder.swift */; };
		1842D0A429D435820084B509 /* .gitignore in Resources */ = {isa = PBXBuildFile; fileRef = 1842D0A329D435820084B509 /* .gitignore */; };
		1849E3E629D2E4D300EDDCE5 /* MovieCell.swift in Sources */ = {isa = PBXBuildFile; fileRef = 1849E3E529D2E4D300EDDCE5 /* MovieCell.swift */; };
		1849E3E929D2E7D500EDDCE5 /* SearchTableView.swift in Sources */ = {isa = PBXBuildFile; fileRef = 1849E3E829D2E7D500EDDCE5 /* SearchTableView.swift */; };
		1849E3EE29D2E91200EDDCE5 /* SelectedTableView.swift in Sources */ = {isa = PBXBuildFile; fileRef = 1849E3ED29D2E91200EDDCE5 /* SelectedTableView.swift */; };
		188415F029D1C9F7000A2A15 /* AppDelegate.swift in Sources */ = {isa = PBXBuildFile; fileRef = 188415EF29D1C9F7000A2A15 /* AppDelegate.swift */; };
		188415F229D1C9F7000A2A15 /* SceneDelegate.swift in Sources */ = {isa = PBXBuildFile; fileRef = 188415F129D1C9F7000A2A15 /* SceneDelegate.swift */; };
		188415F429D1C9F7000A2A15 /* SearchViewController.swift in Sources */ = {isa = PBXBuildFile; fileRef = 188415F329D1C9F7000A2A15 /* SearchViewController.swift */; };
		188415F729D1C9F7000A2A15 /* Main.storyboard in Resources */ = {isa = PBXBuildFile; fileRef = 188415F529D1C9F7000A2A15 /* Main.storyboard */; };
		188415F929D1C9F8000A2A15 /* Assets.xcassets in Resources */ = {isa = PBXBuildFile; fileRef = 188415F829D1C9F8000A2A15 /* Assets.xcassets */; };
		188415FC29D1C9F8000A2A15 /* LaunchScreen.storyboard in Resources */ = {isa = PBXBuildFile; fileRef = 188415FA29D1C9F8000A2A15 /* LaunchScreen.storyboard */; };
		1884160429D1D0C6000A2A15 /* AuthenticationViewController.swift in Sources */ = {isa = PBXBuildFile; fileRef = 1884160329D1D0C6000A2A15 /* AuthenticationViewController.swift */; };
		1896846129D1E30000DCEB30 /* tabBar.swift in Sources */ = {isa = PBXBuildFile; fileRef = 1896846029D1E30000DCEB30 /* tabBar.swift */; };
		1896846329D1E33400DCEB30 /* ProfileViewController.swift in Sources */ = {isa = PBXBuildFile; fileRef = 1896846229D1E33400DCEB30 /* ProfileViewController.swift */; };
		1896846529D1E72500DCEB30 /* SelectedViewController.swift in Sources */ = {isa = PBXBuildFile; fileRef = 1896846429D1E72500DCEB30 /* SelectedViewController.swift */; };
		1896846729D1F06900DCEB30 /* NetworkManager.swift in Sources */ = {isa = PBXBuildFile; fileRef = 1896846629D1F06900DCEB30 /* NetworkManager.swift */; };
		189B546329D342060077010B /* DetailViewController.swift in Sources */ = {isa = PBXBuildFile; fileRef = 189B546229D342060077010B /* DetailViewController.swift */; };
		18A9062629D59848000B840A /* GoogleService-Info.plist in Resources */ = {isa = PBXBuildFile; fileRef = 18A9062529D59848000B840A /* GoogleService-Info.plist */; };
		18B04DE229D4A9C90029BE59 /* Model.swift in Sources */ = {isa = PBXBuildFile; fileRef = 18B04DE129D4A9C90029BE59 /* Model.swift */; };
		C7DE6DD67F2F47F79DC37D97 /* Pods_SearchMovies.framework in Frameworks */ = {isa = PBXBuildFile; fileRef = 1D568585E13E45418FDE5C8A /* Pods_SearchMovies.framework */; };
/* End PBXBuildFile section */

/* Begin PBXFileReference section */
		0CEBA346985A67B0C02D017B /* Pods-SearchMovies.release.xcconfig */ = {isa = PBXFileReference; includeInIndex = 1; lastKnownFileType = text.xcconfig; name = "Pods-SearchMovies.release.xcconfig"; path = "Target Support Files/Pods-SearchMovies/Pods-SearchMovies.release.xcconfig"; sourceTree = "<group>"; };
		182D65F329D778B5000FADD9 /* LabelBuilder.swift */ = {isa = PBXFileReference; lastKnownFileType = sourcecode.swift; path = LabelBuilder.swift; sourceTree = "<group>"; };
		1842D0A329D435820084B509 /* .gitignore */ = {isa = PBXFileReference; lastKnownFileType = text; path = .gitignore; sourceTree = "<group>"; };
		1849E3E529D2E4D300EDDCE5 /* MovieCell.swift */ = {isa = PBXFileReference; lastKnownFileType = sourcecode.swift; path = MovieCell.swift; sourceTree = "<group>"; };
		1849E3E829D2E7D500EDDCE5 /* SearchTableView.swift */ = {isa = PBXFileReference; lastKnownFileType = sourcecode.swift; path = SearchTableView.swift; sourceTree = "<group>"; };
		1849E3ED29D2E91200EDDCE5 /* SelectedTableView.swift */ = {isa = PBXFileReference; lastKnownFileType = sourcecode.swift; path = SelectedTableView.swift; sourceTree = "<group>"; };
		188415EC29D1C9F7000A2A15 /* SearchMovies.app */ = {isa = PBXFileReference; explicitFileType = wrapper.application; includeInIndex = 0; path = SearchMovies.app; sourceTree = BUILT_PRODUCTS_DIR; };
		188415EF29D1C9F7000A2A15 /* AppDelegate.swift */ = {isa = PBXFileReference; lastKnownFileType = sourcecode.swift; path = AppDelegate.swift; sourceTree = "<group>"; };
		188415F129D1C9F7000A2A15 /* SceneDelegate.swift */ = {isa = PBXFileReference; lastKnownFileType = sourcecode.swift; path = SceneDelegate.swift; sourceTree = "<group>"; };
		188415F329D1C9F7000A2A15 /* SearchViewController.swift */ = {isa = PBXFileReference; lastKnownFileType = sourcecode.swift; path = SearchViewController.swift; sourceTree = "<group>"; };
		188415F629D1C9F7000A2A15 /* Base */ = {isa = PBXFileReference; lastKnownFileType = file.storyboard; name = Base; path = Base.lproj/Main.storyboard; sourceTree = "<group>"; };
		188415F829D1C9F8000A2A15 /* Assets.xcassets */ = {isa = PBXFileReference; lastKnownFileType = folder.assetcatalog; path = Assets.xcassets; sourceTree = "<group>"; };
		188415FB29D1C9F8000A2A15 /* Base */ = {isa = PBXFileReference; lastKnownFileType = file.storyboard; name = Base; path = Base.lproj/LaunchScreen.storyboard; sourceTree = "<group>"; };
		188415FD29D1C9F8000A2A15 /* Info.plist */ = {isa = PBXFileReference; lastKnownFileType = text.plist.xml; path = Info.plist; sourceTree = "<group>"; };
		1884160329D1D0C6000A2A15 /* AuthenticationViewController.swift */ = {isa = PBXFileReference; lastKnownFileType = sourcecode.swift; path = AuthenticationViewController.swift; sourceTree = "<group>"; };
		1896846029D1E30000DCEB30 /* tabBar.swift */ = {isa = PBXFileReference; lastKnownFileType = sourcecode.swift; path = tabBar.swift; sourceTree = "<group>"; };
		1896846229D1E33400DCEB30 /* ProfileViewController.swift */ = {isa = PBXFileReference; lastKnownFileType = sourcecode.swift; path = ProfileViewController.swift; sourceTree = "<group>"; };
		1896846429D1E72500DCEB30 /* SelectedViewController.swift */ = {isa = PBXFileReference; lastKnownFileType = sourcecode.swift; path = SelectedViewController.swift; sourceTree = "<group>"; };
		1896846629D1F06900DCEB30 /* NetworkManager.swift */ = {isa = PBXFileReference; lastKnownFileType = sourcecode.swift; path = NetworkManager.swift; sourceTree = "<group>"; };
		189B546229D342060077010B /* DetailViewController.swift */ = {isa = PBXFileReference; lastKnownFileType = sourcecode.swift; path = DetailViewController.swift; sourceTree = "<group>"; };
		18A9062529D59848000B840A /* GoogleService-Info.plist */ = {isa = PBXFileReference; fileEncoding = 4; lastKnownFileType = text.plist.xml; path = "GoogleService-Info.plist"; sourceTree = "<group>"; };
		18B04DE129D4A9C90029BE59 /* Model.swift */ = {isa = PBXFileReference; lastKnownFileType = sourcecode.swift; path = Model.swift; sourceTree = "<group>"; };
		1D568585E13E45418FDE5C8A /* Pods_SearchMovies.framework */ = {isa = PBXFileReference; explicitFileType = wrapper.framework; includeInIndex = 0; path = Pods_SearchMovies.framework; sourceTree = BUILT_PRODUCTS_DIR; };
		F8CECD0A45824A3FF32EA778 /* Pods-SearchMovies.debug.xcconfig */ = {isa = PBXFileReference; includeInIndex = 1; lastKnownFileType = text.xcconfig; name = "Pods-SearchMovies.debug.xcconfig"; path = "Target Support Files/Pods-SearchMovies/Pods-SearchMovies.debug.xcconfig"; sourceTree = "<group>"; };
/* End PBXFileReference section */

/* Begin PBXFrameworksBuildPhase section */
		188415E929D1C9F7000A2A15 /* Frameworks */ = {
			isa = PBXFrameworksBuildPhase;
			buildActionMask = 2147483647;
			files = (
				C7DE6DD67F2F47F79DC37D97 /* Pods_SearchMovies.framework in Frameworks */,
			);
			runOnlyForDeploymentPostprocessing = 0;
		};
/* End PBXFrameworksBuildPhase section */

/* Begin PBXGroup section */
		1849E3E229D2E35C00EDDCE5 /* SystemFiles */ = {
			isa = PBXGroup;
			children = (
				188415EF29D1C9F7000A2A15 /* AppDelegate.swift */,
				188415F129D1C9F7000A2A15 /* SceneDelegate.swift */,
			);
			path = SystemFiles;
			sourceTree = "<group>";
		};
		1849E3E329D2E38900EDDCE5 /* Service */ = {
			isa = PBXGroup;
			children = (
				1896846629D1F06900DCEB30 /* NetworkManager.swift */,
				18B04DE129D4A9C90029BE59 /* Model.swift */,
				182D65F329D778B5000FADD9 /* LabelBuilder.swift */,
			);
			path = Service;
			sourceTree = "<group>";
		};
		1849E3E429D2E48900EDDCE5 /* TabBar */ = {
			isa = PBXGroup;
			children = (
				1896846029D1E30000DCEB30 /* tabBar.swift */,
			);
			path = TabBar;
			sourceTree = "<group>";
		};
		1849E3E729D2E79500EDDCE5 /* Search */ = {
			isa = PBXGroup;
			children = (
				188415F329D1C9F7000A2A15 /* SearchViewController.swift */,
				1849E3E829D2E7D500EDDCE5 /* SearchTableView.swift */,
				1849E3E529D2E4D300EDDCE5 /* MovieCell.swift */,
			);
			path = Search;
			sourceTree = "<group>";
		};
		1849E3EA29D2E84B00EDDCE5 /* Selected */ = {
			isa = PBXGroup;
			children = (
				1896846429D1E72500DCEB30 /* SelectedViewController.swift */,
				1849E3ED29D2E91200EDDCE5 /* SelectedTableView.swift */,
			);
			path = Selected;
			sourceTree = "<group>";
		};
		1849E3EB29D2E86400EDDCE5 /* Profile */ = {
			isa = PBXGroup;
			children = (
				1896846229D1E33400DCEB30 /* ProfileViewController.swift */,
			);
			path = Profile;
			sourceTree = "<group>";
		};
		1849E3EC29D2E88000EDDCE5 /* Authentication */ = {
			isa = PBXGroup;
			children = (
				1884160329D1D0C6000A2A15 /* AuthenticationViewController.swift */,
			);
			path = Authentication;
			sourceTree = "<group>";
		};
		188415E329D1C9F6000A2A15 = {
			isa = PBXGroup;
			children = (
				1842D0A329D435820084B509 /* .gitignore */,
				188415EE29D1C9F7000A2A15 /* SearchMovies */,
				188415ED29D1C9F7000A2A15 /* Products */,
				3FA00584392058A1940F03D1 /* Pods */,
				DAB9C3D79D08243BD1038AE1 /* Frameworks */,
			);
			sourceTree = "<group>";
		};
		188415ED29D1C9F7000A2A15 /* Products */ = {
			isa = PBXGroup;
			children = (
				188415EC29D1C9F7000A2A15 /* SearchMovies.app */,
			);
			name = Products;
			sourceTree = "<group>";
		};
		188415EE29D1C9F7000A2A15 /* SearchMovies */ = {
			isa = PBXGroup;
			children = (
				1849E3E229D2E35C00EDDCE5 /* SystemFiles */,
				1849E3E429D2E48900EDDCE5 /* TabBar */,
				1849E3E729D2E79500EDDCE5 /* Search */,
				1849E3EB29D2E86400EDDCE5 /* Profile */,
				1849E3EA29D2E84B00EDDCE5 /* Selected */,
				189B546429D342670077010B /* Details */,
				1849E3EC29D2E88000EDDCE5 /* Authentication */,
				1849E3E329D2E38900EDDCE5 /* Service */,
				188415F529D1C9F7000A2A15 /* Main.storyboard */,
				188415F829D1C9F8000A2A15 /* Assets.xcassets */,
				188415FA29D1C9F8000A2A15 /* LaunchScreen.storyboard */,
				188415FD29D1C9F8000A2A15 /* Info.plist */,
				18A9062529D59848000B840A /* GoogleService-Info.plist */,
			);
			path = SearchMovies;
			sourceTree = "<group>";
		};
		189B546429D342670077010B /* Details */ = {
			isa = PBXGroup;
			children = (
				189B546229D342060077010B /* DetailViewController.swift */,
			);
			path = Details;
			sourceTree = "<group>";
		};
		3FA00584392058A1940F03D1 /* Pods */ = {
			isa = PBXGroup;
			children = (
				F8CECD0A45824A3FF32EA778 /* Pods-SearchMovies.debug.xcconfig */,
				0CEBA346985A67B0C02D017B /* Pods-SearchMovies.release.xcconfig */,
			);
			path = Pods;
			sourceTree = "<group>";
		};
		DAB9C3D79D08243BD1038AE1 /* Frameworks */ = {
			isa = PBXGroup;
			children = (
				1D568585E13E45418FDE5C8A /* Pods_SearchMovies.framework */,
			);
			name = Frameworks;
			sourceTree = "<group>";
		};
/* End PBXGroup section */

/* Begin PBXNativeTarget section */
		188415EB29D1C9F7000A2A15 /* SearchMovies */ = {
			isa = PBXNativeTarget;
			buildConfigurationList = 1884160029D1C9F8000A2A15 /* Build configuration list for PBXNativeTarget "SearchMovies" */;
			buildPhases = (
				CB64BCA62AF07BB8EEC2A52A /* [CP] Check Pods Manifest.lock */,
				188415E829D1C9F7000A2A15 /* Sources */,
				188415E929D1C9F7000A2A15 /* Frameworks */,
				188415EA29D1C9F7000A2A15 /* Resources */,
				10C62A329F9CAA1CD8D60574 /* [CP] Embed Pods Frameworks */,
			);
			buildRules = (
			);
			dependencies = (
			);
			name = SearchMovies;
			productName = SearchMovies;
			productReference = 188415EC29D1C9F7000A2A15 /* SearchMovies.app */;
			productType = "com.apple.product-type.application";
		};
/* End PBXNativeTarget section */

/* Begin PBXProject section */
		188415E429D1C9F6000A2A15 /* Project object */ = {
			isa = PBXProject;
			attributes = {
				BuildIndependentTargetsInParallel = 1;
				LastSwiftUpdateCheck = 1420;
				LastUpgradeCheck = 1420;
				TargetAttributes = {
					188415EB29D1C9F7000A2A15 = {
						CreatedOnToolsVersion = 14.2;
					};
				};
			};
			buildConfigurationList = 188415E729D1C9F6000A2A15 /* Build configuration list for PBXProject "SearchMovies" */;
			compatibilityVersion = "Xcode 14.0";
			developmentRegion = en;
			hasScannedForEncodings = 0;
			knownRegions = (
				en,
				Base,
			);
			mainGroup = 188415E329D1C9F6000A2A15;
			productRefGroup = 188415ED29D1C9F7000A2A15 /* Products */;
			projectDirPath = "";
			projectRoot = "";
			targets = (
				188415EB29D1C9F7000A2A15 /* SearchMovies */,
			);
		};
/* End PBXProject section */

/* Begin PBXResourcesBuildPhase section */
		188415EA29D1C9F7000A2A15 /* Resources */ = {
			isa = PBXResourcesBuildPhase;
			buildActionMask = 2147483647;
			files = (
				1842D0A429D435820084B509 /* .gitignore in Resources */,
				188415FC29D1C9F8000A2A15 /* LaunchScreen.storyboard in Resources */,
				18A9062629D59848000B840A /* GoogleService-Info.plist in Resources */,
				188415F929D1C9F8000A2A15 /* Assets.xcassets in Resources */,
				188415F729D1C9F7000A2A15 /* Main.storyboard in Resources */,
			);
			runOnlyForDeploymentPostprocessing = 0;
		};
/* End PBXResourcesBuildPhase section */

/* Begin PBXShellScriptBuildPhase section */
		10C62A329F9CAA1CD8D60574 /* [CP] Embed Pods Frameworks */ = {
			isa = PBXShellScriptBuildPhase;
			buildActionMask = 2147483647;
			files = (
			);
			inputFileListPaths = (
				"${PODS_ROOT}/Target Support Files/Pods-SearchMovies/Pods-SearchMovies-frameworks-${CONFIGURATION}-input-files.xcfilelist",
			);
			name = "[CP] Embed Pods Frameworks";
			outputFileListPaths = (
				"${PODS_ROOT}/Target Support Files/Pods-SearchMovies/Pods-SearchMovies-frameworks-${CONFIGURATION}-output-files.xcfilelist",
			);
			runOnlyForDeploymentPostprocessing = 0;
			shellPath = /bin/sh;
			shellScript = "\"${PODS_ROOT}/Target Support Files/Pods-SearchMovies/Pods-SearchMovies-frameworks.sh\"\n";
			showEnvVarsInLog = 0;
		};
		CB64BCA62AF07BB8EEC2A52A /* [CP] Check Pods Manifest.lock */ = {
			isa = PBXShellScriptBuildPhase;
			buildActionMask = 2147483647;
			files = (
			);
			inputFileListPaths = (
			);
			inputPaths = (
				"${PODS_PODFILE_DIR_PATH}/Podfile.lock",
				"${PODS_ROOT}/Manifest.lock",
			);
			name = "[CP] Check Pods Manifest.lock";
			outputFileListPaths = (
			);
			outputPaths = (
				"$(DERIVED_FILE_DIR)/Pods-SearchMovies-checkManifestLockResult.txt",
			);
			runOnlyForDeploymentPostprocessing = 0;
			shellPath = /bin/sh;
			shellScript = "diff \"${PODS_PODFILE_DIR_PATH}/Podfile.lock\" \"${PODS_ROOT}/Manifest.lock\" > /dev/null\nif [ $? != 0 ] ; then\n    # print error to STDERR\n    echo \"error: The sandbox is not in sync with the Podfile.lock. Run 'pod install' or update your CocoaPods installation.\" >&2\n    exit 1\nfi\n# This output is used by Xcode 'outputs' to avoid re-running this script phase.\necho \"SUCCESS\" > \"${SCRIPT_OUTPUT_FILE_0}\"\n";
			showEnvVarsInLog = 0;
		};
/* End PBXShellScriptBuildPhase section */

/* Begin PBXSourcesBuildPhase section */
		188415E829D1C9F7000A2A15 /* Sources */ = {
			isa = PBXSourcesBuildPhase;
			buildActionMask = 2147483647;
			files = (
				1896846329D1E33400DCEB30 /* ProfileViewController.swift in Sources */,
				1849E3E929D2E7D500EDDCE5 /* SearchTableView.swift in Sources */,
				1884160429D1D0C6000A2A15 /* AuthenticationViewController.swift in Sources */,
				189B546329D342060077010B /* DetailViewController.swift in Sources */,
				182D65F429D778B5000FADD9 /* LabelBuilder.swift in Sources */,
				1849E3E629D2E4D300EDDCE5 /* MovieCell.swift in Sources */,
				188415F429D1C9F7000A2A15 /* SearchViewController.swift in Sources */,
				18B04DE229D4A9C90029BE59 /* Model.swift in Sources */,
				188415F029D1C9F7000A2A15 /* AppDelegate.swift in Sources */,
				1896846729D1F06900DCEB30 /* NetworkManager.swift in Sources */,
				1849E3EE29D2E91200EDDCE5 /* SelectedTableView.swift in Sources */,
				188415F229D1C9F7000A2A15 /* SceneDelegate.swift in Sources */,
				1896846529D1E72500DCEB30 /* SelectedViewController.swift in Sources */,
				1896846129D1E30000DCEB30 /* tabBar.swift in Sources */,
			);
			runOnlyForDeploymentPostprocessing = 0;
		};
/* End PBXSourcesBuildPhase section */

/* Begin PBXVariantGroup section */
		188415F529D1C9F7000A2A15 /* Main.storyboard */ = {
			isa = PBXVariantGroup;
			children = (
				188415F629D1C9F7000A2A15 /* Base */,
			);
			name = Main.storyboard;
			sourceTree = "<group>";
		};
		188415FA29D1C9F8000A2A15 /* LaunchScreen.storyboard */ = {
			isa = PBXVariantGroup;
			children = (
				188415FB29D1C9F8000A2A15 /* Base */,
			);
			name = LaunchScreen.storyboard;
			sourceTree = "<group>";
		};
/* End PBXVariantGroup section */

/* Begin XCBuildConfiguration section */
		188415FE29D1C9F8000A2A15 /* Debug */ = {
			isa = XCBuildConfiguration;
			buildSettings = {
				ALWAYS_SEARCH_USER_PATHS = NO;
				CLANG_ANALYZER_NONNULL = YES;
				CLANG_ANALYZER_NUMBER_OBJECT_CONVERSION = YES_AGGRESSIVE;
				CLANG_CXX_LANGUAGE_STANDARD = "gnu++20";
				CLANG_ENABLE_MODULES = YES;
				CLANG_ENABLE_OBJC_ARC = YES;
				CLANG_ENABLE_OBJC_WEAK = YES;
				CLANG_WARN_BLOCK_CAPTURE_AUTORELEASING = YES;
				CLANG_WARN_BOOL_CONVERSION = YES;
				CLANG_WARN_COMMA = YES;
				CLANG_WARN_CONSTANT_CONVERSION = YES;
				CLANG_WARN_DEPRECATED_OBJC_IMPLEMENTATIONS = YES;
				CLANG_WARN_DIRECT_OBJC_ISA_USAGE = YES_ERROR;
				CLANG_WARN_DOCUMENTATION_COMMENTS = YES;
				CLANG_WARN_EMPTY_BODY = YES;
				CLANG_WARN_ENUM_CONVERSION = YES;
				CLANG_WARN_INFINITE_RECURSION = YES;
				CLANG_WARN_INT_CONVERSION = YES;
				CLANG_WARN_NON_LITERAL_NULL_CONVERSION = YES;
				CLANG_WARN_OBJC_IMPLICIT_RETAIN_SELF = YES;
				CLANG_WARN_OBJC_LITERAL_CONVERSION = YES;
				CLANG_WARN_OBJC_ROOT_CLASS = YES_ERROR;
				CLANG_WARN_QUOTED_INCLUDE_IN_FRAMEWORK_HEADER = YES;
				CLANG_WARN_RANGE_LOOP_ANALYSIS = YES;
				CLANG_WARN_STRICT_PROTOTYPES = YES;
				CLANG_WARN_SUSPICIOUS_MOVE = YES;
				CLANG_WARN_UNGUARDED_AVAILABILITY = YES_AGGRESSIVE;
				CLANG_WARN_UNREACHABLE_CODE = YES;
				CLANG_WARN__DUPLICATE_METHOD_MATCH = YES;
				COPY_PHASE_STRIP = NO;
				DEBUG_INFORMATION_FORMAT = dwarf;
				ENABLE_STRICT_OBJC_MSGSEND = YES;
				ENABLE_TESTABILITY = YES;
				GCC_C_LANGUAGE_STANDARD = gnu11;
				GCC_DYNAMIC_NO_PIC = NO;
				GCC_NO_COMMON_BLOCKS = YES;
				GCC_OPTIMIZATION_LEVEL = 0;
				GCC_PREPROCESSOR_DEFINITIONS = (
					"DEBUG=1",
					"$(inherited)",
				);
				GCC_WARN_64_TO_32_BIT_CONVERSION = YES;
				GCC_WARN_ABOUT_RETURN_TYPE = YES_ERROR;
				GCC_WARN_UNDECLARED_SELECTOR = YES;
				GCC_WARN_UNINITIALIZED_AUTOS = YES_AGGRESSIVE;
				GCC_WARN_UNUSED_FUNCTION = YES;
				GCC_WARN_UNUSED_VARIABLE = YES;
				IPHONEOS_DEPLOYMENT_TARGET = 16.2;
				MTL_ENABLE_DEBUG_INFO = INCLUDE_SOURCE;
				MTL_FAST_MATH = YES;
				ONLY_ACTIVE_ARCH = YES;
				SDKROOT = iphoneos;
				SWIFT_ACTIVE_COMPILATION_CONDITIONS = DEBUG;
				SWIFT_OPTIMIZATION_LEVEL = "-Onone";
			};
			name = Debug;
		};
		188415FF29D1C9F8000A2A15 /* Release */ = {
			isa = XCBuildConfiguration;
			buildSettings = {
				ALWAYS_SEARCH_USER_PATHS = NO;
				CLANG_ANALYZER_NONNULL = YES;
				CLANG_ANALYZER_NUMBER_OBJECT_CONVERSION = YES_AGGRESSIVE;
				CLANG_CXX_LANGUAGE_STANDARD = "gnu++20";
				CLANG_ENABLE_MODULES = YES;
				CLANG_ENABLE_OBJC_ARC = YES;
				CLANG_ENABLE_OBJC_WEAK = YES;
				CLANG_WARN_BLOCK_CAPTURE_AUTORELEASING = YES;
				CLANG_WARN_BOOL_CONVERSION = YES;
				CLANG_WARN_COMMA = YES;
				CLANG_WARN_CONSTANT_CONVERSION = YES;
				CLANG_WARN_DEPRECATED_OBJC_IMPLEMENTATIONS = YES;
				CLANG_WARN_DIRECT_OBJC_ISA_USAGE = YES_ERROR;
				CLANG_WARN_DOCUMENTATION_COMMENTS = YES;
				CLANG_WARN_EMPTY_BODY = YES;
				CLANG_WARN_ENUM_CONVERSION = YES;
				CLANG_WARN_INFINITE_RECURSION = YES;
				CLANG_WARN_INT_CONVERSION = YES;
				CLANG_WARN_NON_LITERAL_NULL_CONVERSION = YES;
				CLANG_WARN_OBJC_IMPLICIT_RETAIN_SELF = YES;
				CLANG_WARN_OBJC_LITERAL_CONVERSION = YES;
				CLANG_WARN_OBJC_ROOT_CLASS = YES_ERROR;
				CLANG_WARN_QUOTED_INCLUDE_IN_FRAMEWORK_HEADER = YES;
				CLANG_WARN_RANGE_LOOP_ANALYSIS = YES;
				CLANG_WARN_STRICT_PROTOTYPES = YES;
				CLANG_WARN_SUSPICIOUS_MOVE = YES;
				CLANG_WARN_UNGUARDED_AVAILABILITY = YES_AGGRESSIVE;
				CLANG_WARN_UNREACHABLE_CODE = YES;
				CLANG_WARN__DUPLICATE_METHOD_MATCH = YES;
				COPY_PHASE_STRIP = NO;
				DEBUG_INFORMATION_FORMAT = "dwarf-with-dsym";
				ENABLE_NS_ASSERTIONS = NO;
				ENABLE_STRICT_OBJC_MSGSEND = YES;
				GCC_C_LANGUAGE_STANDARD = gnu11;
				GCC_NO_COMMON_BLOCKS = YES;
				GCC_WARN_64_TO_32_BIT_CONVERSION = YES;
				GCC_WARN_ABOUT_RETURN_TYPE = YES_ERROR;
				GCC_WARN_UNDECLARED_SELECTOR = YES;
				GCC_WARN_UNINITIALIZED_AUTOS = YES_AGGRESSIVE;
				GCC_WARN_UNUSED_FUNCTION = YES;
				GCC_WARN_UNUSED_VARIABLE = YES;
				IPHONEOS_DEPLOYMENT_TARGET = 16.2;
				MTL_ENABLE_DEBUG_INFO = NO;
				MTL_FAST_MATH = YES;
				SDKROOT = iphoneos;
				SWIFT_COMPILATION_MODE = wholemodule;
				SWIFT_OPTIMIZATION_LEVEL = "-O";
				VALIDATE_PRODUCT = YES;
			};
			name = Release;
		};
		1884160129D1C9F8000A2A15 /* Debug */ = {
			isa = XCBuildConfiguration;
			baseConfigurationReference = F8CECD0A45824A3FF32EA778 /* Pods-SearchMovies.debug.xcconfig */;
			buildSettings = {
				ASSETCATALOG_COMPILER_APPICON_NAME = AppIcon;
				ASSETCATALOG_COMPILER_GLOBAL_ACCENT_COLOR_NAME = AccentColor;
				CODE_SIGN_STYLE = Automatic;
				CURRENT_PROJECT_VERSION = 1;
				DEVELOPMENT_TEAM = 9XP4F76DYF;
				GENERATE_INFOPLIST_FILE = YES;
				INFOPLIST_FILE = SearchMovies/Info.plist;
				INFOPLIST_KEY_UIApplicationSupportsIndirectInputEvents = YES;
				INFOPLIST_KEY_UILaunchStoryboardName = LaunchScreen;
				INFOPLIST_KEY_UIMainStoryboardFile = Main;
				INFOPLIST_KEY_UISupportedInterfaceOrientations_iPad = "UIInterfaceOrientationPortrait UIInterfaceOrientationPortraitUpsideDown UIInterfaceOrientationLandscapeLeft UIInterfaceOrientationLandscapeRight";
				INFOPLIST_KEY_UISupportedInterfaceOrientations_iPhone = "UIInterfaceOrientationPortrait UIInterfaceOrientationLandscapeLeft UIInterfaceOrientationLandscapeRight";
				IPHONEOS_DEPLOYMENT_TARGET = 15.0;
				LD_RUNPATH_SEARCH_PATHS = (
					"$(inherited)",
					"@executable_path/Frameworks",
				);
				MARKETING_VERSION = 1.0;
				PRODUCT_BUNDLE_IDENTIFIER = "Vlad-Lytvynets.SearchMovies";
				PRODUCT_NAME = "$(TARGET_NAME)";
				SWIFT_EMIT_LOC_STRINGS = YES;
				SWIFT_VERSION = 5.0;
				TARGETED_DEVICE_FAMILY = "1,2";
			};
			name = Debug;
		};
		1884160229D1C9F8000A2A15 /* Release */ = {
			isa = XCBuildConfiguration;
			baseConfigurationReference = 0CEBA346985A67B0C02D017B /* Pods-SearchMovies.release.xcconfig */;
			buildSettings = {
				ASSETCATALOG_COMPILER_APPICON_NAME = AppIcon;
				ASSETCATALOG_COMPILER_GLOBAL_ACCENT_COLOR_NAME = AccentColor;
				CODE_SIGN_STYLE = Automatic;
				CURRENT_PROJECT_VERSION = 1;
				DEVELOPMENT_TEAM = 9XP4F76DYF;
				GENERATE_INFOPLIST_FILE = YES;
				INFOPLIST_FILE = SearchMovies/Info.plist;
				INFOPLIST_KEY_UIApplicationSupportsIndirectInputEvents = YES;
				INFOPLIST_KEY_UILaunchStoryboardName = LaunchScreen;
				INFOPLIST_KEY_UIMainStoryboardFile = Main;
				INFOPLIST_KEY_UISupportedInterfaceOrientations_iPad = "UIInterfaceOrientationPortrait UIInterfaceOrientationPortraitUpsideDown UIInterfaceOrientationLandscapeLeft UIInterfaceOrientationLandscapeRight";
				INFOPLIST_KEY_UISupportedInterfaceOrientations_iPhone = "UIInterfaceOrientationPortrait UIInterfaceOrientationLandscapeLeft UIInterfaceOrientationLandscapeRight";
				IPHONEOS_DEPLOYMENT_TARGET = 15.0;
				LD_RUNPATH_SEARCH_PATHS = (
					"$(inherited)",
					"@executable_path/Frameworks",
				);
				MARKETING_VERSION = 1.0;
				PRODUCT_BUNDLE_IDENTIFIER = "Vlad-Lytvynets.SearchMovies";
				PRODUCT_NAME = "$(TARGET_NAME)";
				SWIFT_EMIT_LOC_STRINGS = YES;
				SWIFT_VERSION = 5.0;
				TARGETED_DEVICE_FAMILY = "1,2";
			};
			name = Release;
		};
/* End XCBuildConfiguration section */

/* Begin XCConfigurationList section */
		188415E729D1C9F6000A2A15 /* Build configuration list for PBXProject "SearchMovies" */ = {
			isa = XCConfigurationList;
			buildConfigurations = (
				188415FE29D1C9F8000A2A15 /* Debug */,
				188415FF29D1C9F8000A2A15 /* Release */,
			);
			defaultConfigurationIsVisible = 0;
			defaultConfigurationName = Release;
		};
		1884160029D1C9F8000A2A15 /* Build configuration list for PBXNativeTarget "SearchMovies" */ = {
			isa = XCConfigurationList;
			buildConfigurations = (
				1884160129D1C9F8000A2A15 /* Debug */,
				1884160229D1C9F8000A2A15 /* Release */,
			);
			defaultConfigurationIsVisible = 0;
			defaultConfigurationName = Release;
		};
/* End XCConfigurationList section */
	};
	rootObject = 188415E429D1C9F6000A2A15 /* Project object */;
}
